
Microsoft Visual Studio Solution File, Format Version 11.00
# Visual Studio 2010
Project("{FAE04EC0-301F-11D3-BF4B-00C04F79EFBC}") = "Assembly-CSharp", "Assembly-CSharp.csproj", "{5C3E3588-FA07-5437-5556-8DFD4698D5F8}"
EndProject
Project("{FAE04EC0-301F-11D3-BF4B-00C04F79EFBC}") = "Assembly-CSharp-Editor", "Assembly-CSharp-Editor.csproj", "{A1A95B83-D727-89CB-A7E9-5A3B28238ABD}"
EndProject
Global
	GlobalSection(SolutionConfigurationPlatforms) = preSolution
		Debug|Any CPU = Debug|Any CPU
		Release|Any CPU = Release|Any CPU
	EndGlobalSection
	GlobalSection(ProjectConfigurationPlatforms) = postSolution
		{5C3E3588-FA07-5437-5556-8DFD4698D5F8}.Debug|Any CPU.ActiveCfg = Debug|Any CPU
		{5C3E3588-FA07-5437-5556-8DFD4698D5F8}.Debug|Any CPU.Build.0 = Debug|Any CPU
		{5C3E3588-FA07-5437-5556-8DFD4698D5F8}.Release|Any CPU.ActiveCfg = Release|Any CPU
		{5C3E3588-FA07-5437-5556-8DFD4698D5F8}.Release|Any CPU.Build.0 = Release|Any CPU
		{A1A95B83-D727-89CB-A7E9-5A3B28238ABD}.Debug|Any CPU.ActiveCfg = Debug|Any CPU
		{A1A95B83-D727-89CB-A7E9-5A3B28238ABD}.Debug|Any CPU.Build.0 = Debug|Any CPU
		{A1A95B83-D727-89CB-A7E9-5A3B28238ABD}.Release|Any CPU.ActiveCfg = Release|Any CPU
		{A1A95B83-D727-89CB-A7E9-5A3B28238ABD}.Release|Any CPU.Build.0 = Release|Any CPU
	EndGlobalSection
	GlobalSection(SolutionProperties) = preSolution
		HideSolutionNode = FALSE
	EndGlobalSection
	GlobalSection(MonoDevelopProperties) = preSolution
		StartupItem = Assembly-CSharp.csproj
	EndGlobalSection
EndGlobal
